
Microsoft Visual Studio Solution File, Format Version 12.00
# Visual Studio Version 17
VisualStudioVersion = 17.0.31612.314
MinimumVisualStudioVersion = 10.0.40219.1
Project("{9A19103F-16F7-4668-BE54-9A1E7A4F7556}") = "DeepSea", "DeepSea\DeepSea.csproj", "{241A21E9-AD2E-4596-9BB6-2B4911FD5FAA}"
EndProject
Global
	GlobalSection(SolutionConfigurationPlatforms) = preSolution
		Debug|Any CPU = Debug|Any CPU
		Release|Any CPU = Release|Any CPU
	EndGlobalSection
	GlobalSection(ProjectConfigurationPlatforms) = postSolution
		{241A21E9-AD2E-4596-9BB6-2B4911FD5FAA}.Debug|Any CPU.ActiveCfg = Debug|Any CPU
		{241A21E9-AD2E-4596-9BB6-2B4911FD5FAA}.Debug|Any CPU.Build.0 = Debug|Any CPU
		{241A21E9-AD2E-4596-9BB6-2B4911FD5FAA}.Release|Any CPU.ActiveCfg = Release|Any CPU
		{241A21E9-AD2E-4596-9BB6-2B4911FD5FAA}.Release|Any CPU.Build.0 = Release|Any CPU
	EndGlobalSection
	GlobalSection(SolutionProperties) = preSolution
		HideSolutionNode = FALSE
	EndGlobalSection
	GlobalSection(ExtensibilityGlobals) = postSolution
		SolutionGuid = {BDDA06DB-F069-4E07-B052-FFF06101A77F}
	EndGlobalSection
EndGlobal
